
Microsoft Visual Studio Solution File, Format Version 12.00
# Visual Studio Version 17
VisualStudioVersion = 17.7.34018.315
MinimumVisualStudioVersion = 10.0.40219.1
Project("{8BC9CEB8-8B4A-11D0-8D11-00A0C91BC942}") = "11week1_project", "11week1_project\11week1_project.vcxproj", "{79482A62-C08A-4CAB-B563-76C0CEDCDD57}"
EndProject
Global
	GlobalSection(SolutionConfigurationPlatforms) = preSolution
		Debug|x64 = Debug|x64
		Debug|x86 = Debug|x86
		Release|x64 = Release|x64
		Release|x86 = Release|x86
	EndGlobalSection
	GlobalSection(ProjectConfigurationPlatforms) = postSolution
		{79482A62-C08A-4CAB-B563-76C0CEDCDD57}.Debug|x64.ActiveCfg = Debug|x64
		{79482A62-C08A-4CAB-B563-76C0CEDCDD57}.Debug|x64.Build.0 = Debug|x64
		{79482A62-C08A-4CAB-B563-76C0CEDCDD57}.Debug|x86.ActiveCfg = Debug|Win32
		{79482A62-C08A-4CAB-B563-76C0CEDCDD57}.Debug|x86.Build.0 = Debug|Win32
		{79482A62-C08A-4CAB-B563-76C0CEDCDD57}.Release|x64.ActiveCfg = Release|x64
		{79482A62-C08A-4CAB-B563-76C0CEDCDD57}.Release|x64.Build.0 = Release|x64
		{79482A62-C08A-4CAB-B563-76C0CEDCDD57}.Release|x86.ActiveCfg = Release|Win32
		{79482A62-C08A-4CAB-B563-76C0CEDCDD57}.Release|x86.Build.0 = Release|Win32
	EndGlobalSection
	GlobalSection(SolutionProperties) = preSolution
		HideSolutionNode = FALSE
	EndGlobalSection
	GlobalSection(ExtensibilityGlobals) = postSolution
		SolutionGuid = {FAB25D87-C6EB-4E2C-9D6B-C6FCF65A06CB}
	EndGlobalSection
EndGlobal
