
Microsoft Visual Studio Solution File, Format Version 12.00
# Visual Studio Version 17
VisualStudioVersion = 17.7.34018.315
MinimumVisualStudioVersion = 10.0.40219.1
Project("{8BC9CEB8-8B4A-11D0-8D11-00A0C91BC942}") = "11week1", "11week1\11week1.vcxproj", "{0EDD72BC-09D1-44A5-B68C-3FB1E9F4369F}"
EndProject
Global
	GlobalSection(SolutionConfigurationPlatforms) = preSolution
		Debug|x64 = Debug|x64
		Debug|x86 = Debug|x86
		Release|x64 = Release|x64
		Release|x86 = Release|x86
	EndGlobalSection
	GlobalSection(ProjectConfigurationPlatforms) = postSolution
		{0EDD72BC-09D1-44A5-B68C-3FB1E9F4369F}.Debug|x64.ActiveCfg = Debug|x64
		{0EDD72BC-09D1-44A5-B68C-3FB1E9F4369F}.Debug|x64.Build.0 = Debug|x64
		{0EDD72BC-09D1-44A5-B68C-3FB1E9F4369F}.Debug|x86.ActiveCfg = Debug|Win32
		{0EDD72BC-09D1-44A5-B68C-3FB1E9F4369F}.Debug|x86.Build.0 = Debug|Win32
		{0EDD72BC-09D1-44A5-B68C-3FB1E9F4369F}.Release|x64.ActiveCfg = Release|x64
		{0EDD72BC-09D1-44A5-B68C-3FB1E9F4369F}.Release|x64.Build.0 = Release|x64
		{0EDD72BC-09D1-44A5-B68C-3FB1E9F4369F}.Release|x86.ActiveCfg = Release|Win32
		{0EDD72BC-09D1-44A5-B68C-3FB1E9F4369F}.Release|x86.Build.0 = Release|Win32
	EndGlobalSection
	GlobalSection(SolutionProperties) = preSolution
		HideSolutionNode = FALSE
	EndGlobalSection
	GlobalSection(ExtensibilityGlobals) = postSolution
		SolutionGuid = {72618AD4-689C-4C49-B4BE-C53D62C63E81}
	EndGlobalSection
EndGlobal
